
Microsoft Visual Studio Solution File, Format Version 12.00
# Visual Studio Version 17
VisualStudioVersion = 17.11.35327.3
MinimumVisualStudioVersion = 10.0.40219.1
Project("{FAE04EC0-301F-11D3-BF4B-00C04F79EFBC}") = "DSandA_Call_Center", "DSandA_Call_Center\DSandA_Call_Center.csproj", "{6E59BAB6-D4D8-46A7-A8D6-BEFA2FB3DE1E}"
EndProject
Global
	GlobalSection(SolutionConfigurationPlatforms) = preSolution
		Debug|Any CPU = Debug|Any CPU
		Release|Any CPU = Release|Any CPU
	EndGlobalSection
	GlobalSection(ProjectConfigurationPlatforms) = postSolution
		{6E59BAB6-D4D8-46A7-A8D6-BEFA2FB3DE1E}.Debug|Any CPU.ActiveCfg = Debug|Any CPU
		{6E59BAB6-D4D8-46A7-A8D6-BEFA2FB3DE1E}.Debug|Any CPU.Build.0 = Debug|Any CPU
		{6E59BAB6-D4D8-46A7-A8D6-BEFA2FB3DE1E}.Release|Any CPU.ActiveCfg = Release|Any CPU
		{6E59BAB6-D4D8-46A7-A8D6-BEFA2FB3DE1E}.Release|Any CPU.Build.0 = Release|Any CPU
	EndGlobalSection
	GlobalSection(SolutionProperties) = preSolution
		HideSolutionNode = FALSE
	EndGlobalSection
	GlobalSection(ExtensibilityGlobals) = postSolution
		SolutionGuid = {2505B915-35EB-46B0-9194-FFE824D0691A}
	EndGlobalSection
EndGlobal
